
Microsoft Visual Studio Solution File, Format Version 12.00
# Visual Studio Version 17
VisualStudioVersion = 17.14.36811.4
MinimumVisualStudioVersion = 10.0.40219.1
Project("{8BC9CEB8-8B4A-11D0-8D11-00A0C91BC942}") = "BenchmarkCore", "BenchmarkCore\BenchmarkCore.vcxproj", "{CB164F1F-03D6-44A8-9031-7E308FCE9E35}"
EndProject
Project("{8BC9CEB8-8B4A-11D0-8D11-00A0C91BC942}") = "ArtemisDriver", "ArtemisDriver\ArtemisDriver.vcxproj", "{A98A649B-A255-4FE1-87F5-3532A321A3D1}"
EndProject
Project("{8BC9CEB8-8B4A-11D0-8D11-00A0C91BC942}") = "BenchmarkRunner", "BenchmarkRunner\BenchmarkRunner.vcxproj", "{7A68165D-4453-4A4E-B53C-0A5CEF034E63}"
EndProject
Global
	GlobalSection(SolutionConfigurationPlatforms) = preSolution
		Debug|x64 = Debug|x64
		Debug|x86 = Debug|x86
		Release|x64 = Release|x64
		Release|x86 = Release|x86
	EndGlobalSection
	GlobalSection(ProjectConfigurationPlatforms) = postSolution
		{CB164F1F-03D6-44A8-9031-7E308FCE9E35}.Debug|x64.ActiveCfg = Debug|x64
		{CB164F1F-03D6-44A8-9031-7E308FCE9E35}.Debug|x64.Build.0 = Debug|x64
		{CB164F1F-03D6-44A8-9031-7E308FCE9E35}.Debug|x86.ActiveCfg = Debug|Win32
		{CB164F1F-03D6-44A8-9031-7E308FCE9E35}.Debug|x86.Build.0 = Debug|Win32
		{CB164F1F-03D6-44A8-9031-7E308FCE9E35}.Release|x64.ActiveCfg = Release|x64
		{CB164F1F-03D6-44A8-9031-7E308FCE9E35}.Release|x64.Build.0 = Release|x64
		{CB164F1F-03D6-44A8-9031-7E308FCE9E35}.Release|x86.ActiveCfg = Release|Win32
		{CB164F1F-03D6-44A8-9031-7E308FCE9E35}.Release|x86.Build.0 = Release|Win32
		{A98A649B-A255-4FE1-87F5-3532A321A3D1}.Debug|x64.ActiveCfg = Debug|x64
		{A98A649B-A255-4FE1-87F5-3532A321A3D1}.Debug|x64.Build.0 = Debug|x64
		{A98A649B-A255-4FE1-87F5-3532A321A3D1}.Debug|x86.ActiveCfg = Debug|Win32
		{A98A649B-A255-4FE1-87F5-3532A321A3D1}.Debug|x86.Build.0 = Debug|Win32
		{A98A649B-A255-4FE1-87F5-3532A321A3D1}.Release|x64.ActiveCfg = Release|x64
		{A98A649B-A255-4FE1-87F5-3532A321A3D1}.Release|x64.Build.0 = Release|x64
		{A98A649B-A255-4FE1-87F5-3532A321A3D1}.Release|x86.ActiveCfg = Release|Win32
		{A98A649B-A255-4FE1-87F5-3532A321A3D1}.Release|x86.Build.0 = Release|Win32
		{7A68165D-4453-4A4E-B53C-0A5CEF034E63}.Debug|x64.ActiveCfg = Debug|x64
		{7A68165D-4453-4A4E-B53C-0A5CEF034E63}.Debug|x64.Build.0 = Debug|x64
		{7A68165D-4453-4A4E-B53C-0A5CEF034E63}.Debug|x86.ActiveCfg = Debug|Win32
		{7A68165D-4453-4A4E-B53C-0A5CEF034E63}.Debug|x86.Build.0 = Debug|Win32
		{7A68165D-4453-4A4E-B53C-0A5CEF034E63}.Release|x64.ActiveCfg = Release|x64
		{7A68165D-4453-4A4E-B53C-0A5CEF034E63}.Release|x64.Build.0 = Release|x64
		{7A68165D-4453-4A4E-B53C-0A5CEF034E63}.Release|x86.ActiveCfg = Release|Win32
		{7A68165D-4453-4A4E-B53C-0A5CEF034E63}.Release|x86.Build.0 = Release|Win32
	EndGlobalSection
	GlobalSection(SolutionProperties) = preSolution
		HideSolutionNode = FALSE
	EndGlobalSection
	GlobalSection(ExtensibilityGlobals) = postSolution
		SolutionGuid = {4D716C89-A5F8-4CE4-84CD-79B663B2788A}
	EndGlobalSection
EndGlobal
